{
  "name": "lilnote",
  "version": "1.0.0",
  "lockfileVersion": 1,
  "requires": true,
  "dependencies": {
    "zeelib": {
      "version": "8.6.0",
      "resolved": "https://registry.npmjs.org/zeelib/-/zeelib-8.6.0.tgz",
      "integrity": "sha512-h+1l/1ozRG/XtG7Syans38iIFLbPO8vXgYsSgrA5n9YgZStn/2omlBQfrUa67eJlBl2U5ISxM4KQ9ynunznc/Q=="
    }
  }
}
