{
  "name": "lilnote",
  "version": "0.8.4",
  "lockfileVersion": 1,
  "dependencies": {
    "zeelib": {
      "version": "0.9.4",
      "resolved": "https://registry.npmjs.org/zeelib/-/zeelib-0.9.4.tgz",
      "integrity": "sha512-QWwJYYab4LRMaZLHWw1Y0XhMlFkIG4MXcaLRN5QV4LQ8nagCT0Vt8+0B9S3qUbzqFPmXi8ynOk2FWuFj7uFYIA=="
    }
  }
}
