{
  "name": "lilnote",
  "version": "0.8.3",
  "lockfileVersion": 1,
  "dependencies": {
    "zeelib": {
      "version": "0.9.3",
      "resolved": "https://registry.npmjs.org/zeelib/-/zeelib-0.9.3.tgz",
      "integrity": "sha512-ICE2NDYVS6GKhNIYO57g0r7RrFRYCKn84ggsaKV9v5Nu0KsqgdRxPbEUmJ1eys6NK5boA+ITUVQz4Z5Y9kBaZg=="
    }
  }
}
